{
  "nodes": {
    "caelestia-cli": {
      "inputs": {
        "caelestia-shell": [],
        "nixpkgs": [
          "nixpkgs"
        ]
      },
      "locked": {
        "lastModified": 1783566793,
        "narHash": "sha256-Z8keX0Dtsu1eYNoxpKfmA5cPBTXwwb3oMyegFD+iF+8=",
        "owner": "ponkcore",
        "repo": "cli",
        "rev": "d53677052a52cccb6d5b05e77d06d6f781f4ed84",
        "type": "github"
      },
      "original": {
        "owner": "ponkcore",
        "repo": "cli",
        "type": "github"
      }
    },
    "m3shapes": {
      "flake": false,
      "locked": {
        "lastModified": 1781017666,
        "narHash": "sha256-kfHyzZaPHgqZML48OA+5JwBOsLdQJ2ci/aGPShvUB4Y=",
        "owner": "soramanew",
        "repo": "m3shapes",
        "rev": "bdc327b29f95394a732baf3c9b19658ba23755b6",
        "type": "github"
      },
      "original": {
        "owner": "soramanew",
        "repo": "m3shapes",
        "rev": "bdc327b29f95394a732baf3c9b19658ba23755b6",
        "type": "github"
      }
    },
    "nixpkgs": {
      "locked": {
        "lastModified": 1786599213,
        "narHash": "sha256-yNJd40f11EzXBjSByCB7IPpeFFAdeoSKKM67dGkfFoU=",
        "owner": "nixos",
        "repo": "nixpkgs",
        "rev": "0e251e24a4f24e036a084b6b4b2d2491af4167f4",
        "type": "github"
      },
      "original": {
        "owner": "nixos",
        "ref": "nixos-unstable",
        "repo": "nixpkgs",
        "type": "github"
      }
    },
    "quickshell": {
      "inputs": {
        "nixpkgs": [
          "nixpkgs"
        ]
      },
      "locked": {
        "lastModified": 1786864924,
        "narHash": "sha256-9nqIJWuSlAwy4Vs98N9ffoVeU2dmsWcAJ7/DyIDihqM=",
        "owner": "outfoxxed",
        "repo": "quickshell",
        "rev": "532a0606cafb05851a203e65be22c9a057447ee2",
        "type": "github"
      },
      "original": {
        "owner": "outfoxxed",
        "repo": "quickshell",
        "type": "github"
      }
    },
    "root": {
      "inputs": {
        "caelestia-cli": "caelestia-cli",
        "m3shapes": "m3shapes",
        "nixpkgs": "nixpkgs",
        "quickshell": "quickshell"
      }
    }
  },
  "root": "root",
  "version": 7
}
